{
  "nodes": {
    "circom-compat": {
      "inputs": {
        "nixpkgs": "nixpkgs"
      },
      "locked": {
        "lastModified": 1779967405,
        "narHash": "sha256-UP0D5UinZj36LoMv07BhjZuZxYABNDHz975fUXGxjKU=",
        "owner": "logos-storage",
        "repo": "circom-compat-ffi",
        "rev": "3cca4e91054a4d2bb5335feb19138362ce0fe417",
        "type": "github"
      },
      "original": {
        "owner": "logos-storage",
        "repo": "circom-compat-ffi",
        "rev": "3cca4e91054a4d2bb5335feb19138362ce0fe417",
        "type": "github"
      }
    },
    "logos-storage-nim": {
      "inputs": {
        "circom-compat": "circom-compat",
        "nixpkgs": [
          "nixpkgs"
        ]
      },
      "locked": {
        "lastModified": 1785259017,
        "narHash": "sha256-VBcjkXeEuVDjNYFuZ4a4JD8DG1cQpseLniJlRz1OjaA=",
        "ref": "refs/heads/master",
        "rev": "978c560aed6dc4cff6b602e94fc0fcc66fea6399",
        "revCount": 878,
        "submodules": true,
        "type": "git",
        "url": "https://github.com/logos-storage/logos-storage-nim"
      },
      "original": {
        "rev": "978c560aed6dc4cff6b602e94fc0fcc66fea6399",
        "submodules": true,
        "type": "git",
        "url": "https://github.com/logos-storage/logos-storage-nim"
      }
    },
    "nim-sds": {
      "inputs": {
        "nixpkgs": "nixpkgs_2"
      },
      "locked": {
        "lastModified": 1787680029,
        "narHash": "sha256-GeS4OB312R+E6CHMYwZ6zJ4kMGloD1m3eRcz7qvtvek=",
        "ref": "refs/heads/master",
        "rev": "2fec23ad292b0f9d0924a2f1a69995d23b37822d",
        "revCount": 105,
        "submodules": true,
        "type": "git",
        "url": "https://github.com/logos-messaging/nim-sds"
      },
      "original": {
        "rev": "2fec23ad292b0f9d0924a2f1a69995d23b37822d",
        "submodules": true,
        "type": "git",
        "url": "https://github.com/logos-messaging/nim-sds"
      }
    },
    "nixpkgs": {
      "locked": {
        "lastModified": 1736200483,
        "narHash": "sha256-JO+lFN2HsCwSLMUWXHeOad6QUxOuwe9UOAF/iSl1J4I=",
        "owner": "NixOS",
        "repo": "nixpkgs",
        "rev": "3f0a8ac25fb674611b98089ca3a5dd6480175751",
        "type": "github"
      },
      "original": {
        "owner": "NixOS",
        "ref": "nixos-24.11",
        "repo": "nixpkgs",
        "type": "github"
      }
    },
    "nixpkgs-nimble": {
      "locked": {
        "lastModified": 1788179007,
        "narHash": "sha256-hn1oU2rue2SYK8dAr8+WNZWtbsz1S2W5mnHlSEuh3bo=",
        "owner": "NixOS",
        "repo": "nixpkgs",
        "rev": "34ab99075ac4f7e40cf037eef32cb1c360bb85e9",
        "type": "github"
      },
      "original": {
        "owner": "NixOS",
        "repo": "nixpkgs",
        "rev": "34ab99075ac4f7e40cf037eef32cb1c360bb85e9",
        "type": "github"
      }
    },
    "nixpkgs_2": {
      "locked": {
        "lastModified": 1770464364,
        "narHash": "sha256-z5NJPSBwsLf/OfD8WTmh79tlSU8XgIbwmk6qB1/TFzY=",
        "owner": "NixOS",
        "repo": "nixpkgs",
        "rev": "23d72dabcb3b12469f57b37170fcbc1789bd7457",
        "type": "github"
      },
      "original": {
        "owner": "NixOS",
        "repo": "nixpkgs",
        "rev": "23d72dabcb3b12469f57b37170fcbc1789bd7457",
        "type": "github"
      }
    },
    "nixpkgs_3": {
      "locked": {
        "lastModified": 1780511130,
        "narHash": "sha256-2v9lT4ya59Lh1FqPeLnz1MoX9y/wz2huqfe9RtQZITk=",
        "owner": "NixOS",
        "repo": "nixpkgs",
        "rev": "535f3e6942cb1cead3929c604320d3db54b542b9",
        "type": "github"
      },
      "original": {
        "owner": "NixOS",
        "repo": "nixpkgs",
        "rev": "535f3e6942cb1cead3929c604320d3db54b542b9",
        "type": "github"
      }
    },
    "root": {
      "inputs": {
        "logos-storage-nim": "logos-storage-nim",
        "nim-sds": "nim-sds",
        "nixpkgs": "nixpkgs_3",
        "nixpkgs-nimble": "nixpkgs-nimble"
      }
    }
  },
  "root": "root",
  "version": 7
}
