{
  "nodes": {
    "lmn": {
      "inputs": {
        "nixpkgs": "nixpkgs",
        "zerokit": "zerokit"
      },
      "locked": {
        "lastModified": 1767020554,
        "narHash": "sha256-LvnMp8dcmznNk6rb8cVfqWmZCga9UG/NCMQxrj3riMQ=",
        "ref": "refs/heads/master",
        "rev": "33383fee2d1e5444947acbe7316d5d31221d2852",
        "revCount": 2196,
        "submodules": true,
        "type": "git",
        "url": "https://github.com/logos-messaging/logos-messaging-nim"
      },
      "original": {
        "rev": "33383fee2d1e5444947acbe7316d5d31221d2852",
        "submodules": true,
        "type": "git",
        "url": "https://github.com/logos-messaging/logos-messaging-nim"
      }
    },
    "nim-sds": {
      "inputs": {
        "nixpkgs": "nixpkgs_2"
      },
      "locked": {
        "lastModified": 1766504822,
        "narHash": "sha256-tWVLbYoi8/xNzsbJmzMBnuc4GsB7/4oH05yCwuokKT8=",
        "ref": "refs/heads/master",
        "rev": "fb8039c5a56086ec7fb3e5e1a5a593bb3756ccb6",
        "revCount": 76,
        "submodules": true,
        "type": "git",
        "url": "https://github.com/logos-messaging/nim-sds"
      },
      "original": {
        "rev": "fb8039c5a56086ec7fb3e5e1a5a593bb3756ccb6",
        "submodules": true,
        "type": "git",
        "url": "https://github.com/logos-messaging/nim-sds"
      }
    },
    "nixpkgs": {
      "locked": {
        "lastModified": 1740603184,
        "narHash": "sha256-t+VaahjQAWyA+Ctn2idyo1yxRIYpaDxMgHkgCNiMJa4=",
        "owner": "NixOS",
        "repo": "nixpkgs",
        "rev": "f44bd8ca21e026135061a0a57dcf3d0775b67a49",
        "type": "github"
      },
      "original": {
        "owner": "NixOS",
        "repo": "nixpkgs",
        "rev": "f44bd8ca21e026135061a0a57dcf3d0775b67a49",
        "type": "github"
      }
    },
    "nixpkgs_2": {
      "locked": {
        "lastModified": 1757590060,
        "narHash": "sha256-EWwwdKLMZALkgHFyKW7rmyhxECO74+N+ZO5xTDnY/5c=",
        "owner": "NixOS",
        "repo": "nixpkgs",
        "rev": "0ef228213045d2cdb5a169a95d63ded38670b293",
        "type": "github"
      },
      "original": {
        "owner": "NixOS",
        "repo": "nixpkgs",
        "rev": "0ef228213045d2cdb5a169a95d63ded38670b293",
        "type": "github"
      }
    },
    "nixpkgs_3": {
      "locked": {
        "lastModified": 1757590060,
        "narHash": "sha256-EWwwdKLMZALkgHFyKW7rmyhxECO74+N+ZO5xTDnY/5c=",
        "owner": "NixOS",
        "repo": "nixpkgs",
        "rev": "0ef228213045d2cdb5a169a95d63ded38670b293",
        "type": "github"
      },
      "original": {
        "owner": "NixOS",
        "repo": "nixpkgs",
        "rev": "0ef228213045d2cdb5a169a95d63ded38670b293",
        "type": "github"
      }
    },
    "root": {
      "inputs": {
        "lmn": "lmn",
        "nim-sds": "nim-sds",
        "nixpkgs": "nixpkgs_3"
      }
    },
    "rust-overlay": {
      "inputs": {
        "nixpkgs": [
          "lmn",
          "zerokit",
          "nixpkgs"
        ]
      },
      "locked": {
        "lastModified": 1748399823,
        "narHash": "sha256-kahD8D5hOXOsGbNdoLLnqCL887cjHkx98Izc37nDjlA=",
        "owner": "oxalica",
        "repo": "rust-overlay",
        "rev": "d68a69dc71bc19beb3479800392112c2f6218159",
        "type": "github"
      },
      "original": {
        "owner": "oxalica",
        "repo": "rust-overlay",
        "type": "github"
      }
    },
    "zerokit": {
      "inputs": {
        "nixpkgs": [
          "lmn",
          "nixpkgs"
        ],
        "rust-overlay": "rust-overlay"
      },
      "locked": {
        "lastModified": 1749115386,
        "narHash": "sha256-UexIE2D7zr6aRajwnKongXwCZCeRZDXOL0kfjhqUFSU=",
        "owner": "vacp2p",
        "repo": "zerokit",
        "rev": "dc0b31752c91e7b4fefc441cfa6a8210ad7dba7b",
        "type": "github"
      },
      "original": {
        "owner": "vacp2p",
        "repo": "zerokit",
        "rev": "dc0b31752c91e7b4fefc441cfa6a8210ad7dba7b",
        "type": "github"
      }
    }
  },
  "root": "root",
  "version": 7
}
