# This file is autogenerated, do not edit; changes may be undone by the next 'dep ensure'.


[[projects]]
  branch = "master"
  digest = "1:49ebedd6e389b212a6bad5f3111854d53ee424c137b5ce882b3dcc6e0dca2019"
  name = "github.com/NaySoftware/go-fcm"
  packages = ["."]
  pruneopts = "NUT"
  revision = "28fff9381d17f35619309c7a5ada41d26030d976"

[[projects]]
  branch = "master"
  digest = "1:4cf11742b199ab3aacf26b00187e72f7ff8ba2145f363b74f295d54f098f79e4"
  name = "github.com/agl/ed25519"
  packages = [
    ".",
    "edwards25519",
    "extra25519",
  ]
  pruneopts = "NUT"
  revision = "5312a61534124124185d41f09206b9fef1d88403"

[[projects]]
  digest = "1:f5322546f652db78b7a8efd35047a61d1e492abca2263e1c647eca49e1c8a354"
  name = "github.com/aristanetworks/goarista"
  packages = ["monotime"]
  pruneopts = "NUT"
  revision = "ea17b1a17847fb6e4c0a91de0b674704693469b0"

[[projects]]
  digest = "1:e6c88dab8edc42242a2035bba3a869993ff08a3e245a445ea75f436e1bb27c33"
  name = "github.com/beevik/ntp"
  packages = ["."]
  pruneopts = "NUT"
  revision = "62c80a04de2086884d8296004b6d74ee1846c582"
  version = "v0.2.0"

[[projects]]
  digest = "1:c6909083dcb35cf8556dfa9ef3aaccdcac0e1ebd40efa178d5d5337814b12d86"
  name = "github.com/btcsuite/btcd"
  packages = [
    "btcec",
    "chaincfg",
    "chaincfg/chainhash",
    "wire",
  ]
  pruneopts = "NUT"
  revision = "d06c0bb181529331be8f8d9350288c420d9e60e4"

[[projects]]
  digest = "1:d42138ae1355a0ded51bc531ed9533f3e7c278ca84c4f7d73dcae3476c0de778"
  name = "github.com/btcsuite/btcutil"
  packages = [
    ".",
    "base58",
  ]
  pruneopts = "NUT"
  revision = "dcd4997b0664bcfd6ef48e4ae9da8396e08b1cd9"

[[projects]]
  digest = "1:0ef770954bca104ee99b3b6b7f9b240605ac03517d9f98cbc1893daa03f3c038"
  name = "github.com/coreos/go-semver"
  packages = ["semver"]
  pruneopts = "NUT"
  revision = "8ab6407b697782a06568d4b7f1db25550ec2e4c6"
  version = "v0.2.0"

[[projects]]
  digest = "1:a2c1d0e43bd3baaa071d1b9ed72c27d78169b2b269f71c105ac4ba34b1be4a39"
  name = "github.com/davecgh/go-spew"
  packages = ["spew"]
  pruneopts = "NUT"
  revision = "346938d642f2ec3594ed81d874461961cd0faa76"

[[projects]]
  digest = "1:f843994cb2667148fd97faca6699ce392f1a4c367801a0c13df8802497b261fe"
  name = "github.com/deckarep/golang-set"
  packages = ["."]
  pruneopts = "NUT"
  revision = "504e848d77ea4752b3057b8fb46da0e7f746ccf3"

[[projects]]
  digest = "1:e72bf8962d37cf1dccf27a58ad0b9545fb4c8ea3b9e3bb0319de627d13b8a8d9"
  name = "github.com/edsrzf/mmap-go"
  packages = ["."]
  pruneopts = "NUT"
  revision = "935e0e8a636ca4ba70b713f3e38a19e1b77739e8"

[[projects]]
  digest = "1:b021074e0a2e41e585991a27f322a404077c98f3ffc903024dbd768e7d2fdb78"
  name = "github.com/ethereum/go-ethereum"
  packages = [
    ".",
    "accounts",
    "accounts/abi",
    "accounts/abi/bind",
    "accounts/abi/bind/backends",
    "accounts/keystore",
    "accounts/usbwallet",
    "accounts/usbwallet/internal/trezor",
    "common",
    "common/bitutil",
    "common/fdlimit",
    "common/hexutil",
    "common/math",
    "common/mclock",
    "common/prque",
    "consensus",
    "consensus/clique",
    "consensus/ethash",
    "consensus/misc",
    "contracts/ens/contract",
    "core",
    "core/bloombits",
    "core/rawdb",
    "core/state",
    "core/types",
    "core/vm",
    "crypto",
    "crypto/bn256",
    "crypto/bn256/cloudflare",
    "crypto/bn256/google",
    "crypto/ecies",
    "crypto/secp256k1",
    "crypto/sha3",
    "eth",
    "eth/downloader",
    "eth/fetcher",
    "eth/filters",
    "eth/gasprice",
    "eth/tracers",
    "eth/tracers/internal/tracers",
    "ethapi",
    "ethclient",
    "ethdb",
    "event",
    "internal/debug",
    "internal/ethapi",
    "les",
    "les/flowcontrol",
    "light",
    "log",
    "log/term",
    "metrics",
    "metrics/exp",
    "miner",
    "node",
    "p2p",
    "p2p/discover",
    "p2p/discv5",
    "p2p/enr",
    "p2p/nat",
    "p2p/netutil",
    "params",
    "rlp",
    "rpc",
    "trie",
  ]
  pruneopts = "T"
  revision = "89c6e7ee8f69f97a83bf40a05f9944ffb33cf17f"
  source = "github.com/status-im/go-ethereum"
  version = "v1.8.16"

[[projects]]
  digest = "1:5ac7ecd476a2355a5201229081df2e5f57333ecf703e1f69dde699ae34169c1b"
  name = "github.com/fd/go-nat"
  packages = ["."]
  pruneopts = "NUT"
  revision = "bad65a492f32121a87197f4a085905c35e2a367e"
  version = "v1.0.0"

[[projects]]
  branch = "master"
  digest = "1:3589601135d1e1a969f04643c4517d8a1b416564bbdb0b853e94f96faf2922c6"
  name = "github.com/fjl/memsize"
  packages = [
    ".",
    "memsizeui",
  ]
  pruneopts = "NUT"
  revision = "2a09253e352a56f419bd88effab0483f52da4c7d"

[[projects]]
  digest = "1:1c109e91a99627f9c80e8794d80773c8532dfcf234b45cdb6a6388b30a5bb5e7"
  name = "github.com/go-playground/locales"
  packages = [
    ".",
    "currency",
  ]
  pruneopts = "NUT"
  revision = "f63010822830b6fe52288ee52d5a1151088ce039"
  version = "v0.12.1"

[[projects]]
  digest = "1:1683152827ebac377858b53a6ad0be90fb1711061c7e580c5dc719834a349162"
  name = "github.com/go-playground/universal-translator"
  packages = ["."]
  pruneopts = "NUT"
  revision = "b32fa301c9fe55953584134cb6853a13c87ec0a1"
  version = "v0.16.0"

[[projects]]
  digest = "1:8cf58169eb0a8c009ed3a4c36486980d602ab4cc4e478130493d6cd0404f889b"
  name = "github.com/go-stack/stack"
  packages = ["."]
  pruneopts = "NUT"
  revision = "54be5f394ed2c3e19dac9134a40a95ba5a017f7b"

[[projects]]
  digest = "1:2dc3aad14fc94b1850e054fe68307bc6685afc050934c7988cb9303cbd35beeb"
  name = "github.com/gogo/protobuf"
  packages = [
    "io",
    "proto",
  ]
  pruneopts = "NUT"
  revision = "636bf0302bc95575d69441b25a2603156ffdddf1"
  version = "v1.1.1"

[[projects]]
  digest = "1:afb114686b178b47bc2dde909704829b288ecb8bad1cf3f3cea9178073e8eb83"
  name = "github.com/golang-migrate/migrate"
  packages = [
    ".",
    "database",
    "source",
  ]
  pruneopts = "NUT"
  revision = "4937cd088f7c7193ee59b319c1c2caa7482aae8e"
  version = "v3.5.4"

[[projects]]
  digest = "1:bc38c7c481812e178d85160472e231c5e1c9a7f5845d67e23ee4e706933c10d8"
  name = "github.com/golang/mock"
  packages = ["gomock"]
  pruneopts = "NUT"
  revision = "c34cdb4725f4c3844d095133c6e40e448b86589b"
  version = "v1.1.1"

[[projects]]
  digest = "1:ac761a089c90c1399e2fd0a0aacfe63bd7b4ecd01141c98ca9cf18059f938ea4"
  name = "github.com/golang/protobuf"
  packages = [
    "proto",
    "protoc-gen-go/descriptor",
  ]
  pruneopts = "NUT"
  revision = "aa810b61a9c79d51363740d207bb46cf8e620ed5"
  version = "v1.2.0"

[[projects]]
  digest = "1:9413ddbde906f91f062fda0dfa9a7cff43458cd1b2282c0fa25c61d89300b116"
  name = "github.com/golang/snappy"
  packages = ["."]
  pruneopts = "NUT"
  revision = "553a641470496b2327abcac10b36396bd98e45c9"

[[projects]]
  digest = "1:a1578f7323eca2b88021fdc9a79a99833d40b12c32a5ea4f284e2fad19ea2657"
  name = "github.com/google/uuid"
  packages = ["."]
  pruneopts = "NUT"
  revision = "d460ce9f8df2e77fb1ba55ca87fafed96c607494"
  version = "v1.0.0"

[[projects]]
  digest = "1:4a0c072e44da763409da72d41492373a034baf2e6d849c76d239b4abdfbb6c49"
  name = "github.com/gorilla/websocket"
  packages = ["."]
  pruneopts = "NUT"
  revision = "66b9c49e59c6c48f0ffce28c2d8b8a5678502c6d"
  version = "v1.4.0"

[[projects]]
  branch = "master"
  digest = "1:cb7e1d7ed4e663366eabc30a739a7c5cba439b7dbe39ede548f6ba0adc7fbe55"
  name = "github.com/gxed/GoEndian"
  packages = ["."]
  pruneopts = "NUT"
  revision = "0f5c6873267e5abf306ffcdfcfa4bf77517ef4a7"

[[projects]]
  branch = "master"
  digest = "1:72398b35192e5b9822e70ac5ee589c89c625728cd7e8e4333b33540edebfcb0b"
  name = "github.com/gxed/eventfd"
  packages = ["."]
  pruneopts = "NUT"
  revision = "80a92cca79a8041496ccc9dd773fcb52a57ec6f9"

[[projects]]
  branch = "master"
  digest = "1:148fd43daa0987df14b2d1105f86d8ba1d8a2b1f3c45ac81932edc4055739e1c"
  name = "github.com/gxed/hashland"
  packages = ["keccakpg"]
  pruneopts = "NUT"
  revision = "d9f6b97f8db22dd1e090fd0bbbe98f09cc7dd0a8"

[[projects]]
  digest = "1:892e13370cbfcda090d8f7676ef67b50cb2ead5460b72f3a1c2bb1c19e9a57de"
  name = "github.com/hashicorp/golang-lru"
  packages = [
    ".",
    "simplelru",
  ]
  pruneopts = "NUT"
  revision = "0a025b7e63adc15a622f29b0b2c4c3848243bbf6"

[[projects]]
  digest = "1:5865614642103a30fb7982202e14dcd6c9fb5cc3b47e5ec513de5e21123e8708"
  name = "github.com/huin/goupnp"
  packages = [
    ".",
    "dcps/internetgateway1",
    "dcps/internetgateway2",
    "httpu",
    "scpd",
    "soap",
    "ssdp",
  ]
  pruneopts = "NUT"
  revision = "679507af18f3c7ba2bcc7905392ce23e148661c3"

[[projects]]
  digest = "1:6a47f871127308942b643ebd602e9c4299805ce813cbc14d87e5a9d41bf6b2d7"
  name = "github.com/ipfs/go-log"
  packages = [
    ".",
    "tracer",
    "tracer/wire",
    "writer",
  ]
  pruneopts = "NUT"
  revision = "14e95105cbafcda64fdc36197fe6a30b23c693dc"
  version = "v1.5.7"

[[projects]]
  digest = "1:a27ae5d24391a7fd37f1987493ffb57801c7777d214b616fe02b5bb8e002bbd8"
  name = "github.com/jackpal/gateway"
  packages = ["."]
  pruneopts = "NUT"
  revision = "3e333950771011fed13be63e62b9f473c5e0d9bf"
  version = "v1.0.4"

[[projects]]
  digest = "1:23aa2b05a7e06cf3d789120cf974958759314ebd856de425fa24493bcb49e97b"
  name = "github.com/jackpal/go-nat-pmp"
  packages = ["."]
  pruneopts = "NUT"
  revision = "1fa385a6f45828c83361136b45b1a21a12139493"

[[projects]]
  branch = "master"
  digest = "1:c32c7a628507cc6d2e61cfc09f2671bef4a04491ca2ec0cda1e8689f9c00611f"
  name = "github.com/jbenet/go-temp-err-catcher"
  packages = ["."]
  pruneopts = "NUT"
  revision = "aac704a3f4f27190b4ccc05f303a4931fd1241ff"

[[projects]]
  branch = "master"
  digest = "1:af36a5dd3adea2a316125b04745b86e14e3600b930d61f4eefc0daa030feca74"
  name = "github.com/jbenet/goprocess"
  packages = [
    ".",
    "context",
    "periodic",
    "ratelimit",
  ]
  pruneopts = "NUT"
  revision = "b497e2f366b8624394fb2e89c10ab607bebdde0b"

[[projects]]
  digest = "1:cdf2acbea0cf5514bc9a548836d007e379a42b4224813649ed9d98757c527172"
  name = "github.com/karalabe/hid"
  packages = ["."]
  pruneopts = "T"
  revision = "f00545f9f3748e591590be3732d913c77525b10f"

[[projects]]
  digest = "1:7f9d01bc5289296160042e42e146052ae9fb8fdb92be6dd11b0e5d4916784f6d"
  name = "github.com/libp2p/go-addr-util"
  packages = ["."]
  pruneopts = "NUT"
  revision = "94b4c8b41eba1c82140fee9cca456ad13ae81706"
  version = "v2.0.7"

[[projects]]
  digest = "1:898f9eabec8b3b84ccd126044918a5650048e512da0b6838526124afe88c9e48"
  name = "github.com/libp2p/go-buffer-pool"
  packages = ["."]
  pruneopts = "NUT"
  revision = "1d28ab5fdb424e5b3523d357553082e68df9b068"
  version = "v0.1.1"

[[projects]]
  digest = "1:e6c117e1851ee7957111f72c3af90a0869f67f8f37ce2109b17c5855a3cb880e"
  name = "github.com/libp2p/go-conn-security"
  packages = [
    ".",
    "insecure",
  ]
  pruneopts = "NUT"
  revision = "b7192598fc6d96e4aa1d6a565387cd17ab667987"
  version = "v0.1.15"

[[projects]]
  digest = "1:16c1e843e58abb9821f93dfff5b462be0c39f366734dbda720e500cee3daec22"
  name = "github.com/libp2p/go-conn-security-multistream"
  packages = ["."]
  pruneopts = "NUT"
  revision = "578125a681eee24cac960d84827db34541e3f707"
  version = "v0.1.15"

[[projects]]
  digest = "1:a0ffb7231c41f54863d44f23cb7c6d1273fb66db6ccfe68a55b63050217fbafb"
  name = "github.com/libp2p/go-flow-metrics"
  packages = ["."]
  pruneopts = "NUT"
  revision = "cc546389dcf06b4bcbf6b8594069588e5c8a1451"
  version = "v0.2.0"

[[projects]]
  digest = "1:10da72efc65b13624d56559e26ff63c36adf010103133b4fbbe3bb45cb6f35d3"
  name = "github.com/libp2p/go-libp2p"
  packages = [
    ".",
    "config",
    "p2p/host/basic",
    "p2p/protocol/identify",
    "p2p/protocol/identify/pb",
  ]
  pruneopts = "NUT"
  revision = "a08d9e63dbf006c905a532d5f645a2bf6fae3bd1"

[[projects]]
  digest = "1:f0e4ec0c487dd070a88b91856f39583943df5d53dc184af79829b9669af632fc"
  name = "github.com/libp2p/go-libp2p-circuit"
  packages = [
    ".",
    "pb",
  ]
  pruneopts = "NUT"
  revision = "16eb677aaa62fd2e5e6d73d66388f8ac38bd6388"
  version = "v2.3.2"

[[projects]]
  digest = "1:bbc5fc51426225288282e18dc070718dd34c472f6d8dba3c72df9919b0d7e652"
  name = "github.com/libp2p/go-libp2p-crypto"
  packages = [
    ".",
    "pb",
  ]
  pruneopts = "NUT"
  revision = "50487e0f0b4842e9e657317e689fbb8209fab2dc"
  version = "v1.6.2"

[[projects]]
  digest = "1:44963003ec73f8c7d24a9f44e8236deff964628d7f045096316a6733f0497c09"
  name = "github.com/libp2p/go-libp2p-host"
  packages = ["."]
  pruneopts = "NUT"
  revision = "5e19768b7bf3195784caede867b26c0e706c0383"
  version = "v3.0.15"

[[projects]]
  digest = "1:56d78c312c864a05f6ae7ffcb59a512ef0ea6e5639b7f9320c652c2afd5f9264"
  name = "github.com/libp2p/go-libp2p-interface-connmgr"
  packages = ["."]
  pruneopts = "NUT"
  revision = "61a030e46d8f6c82500b0992360d7a5c701d367a"
  version = "v0.0.21"

[[projects]]
  digest = "1:a8fdf63c574a7ab597869d573d8e4679df8bf15b5a3c0f8c2d8d94aaa77c3c04"
  name = "github.com/libp2p/go-libp2p-interface-pnet"
  packages = ["."]
  pruneopts = "NUT"
  revision = "3eda0a328422c06235501df5be481e4b51edc7cf"
  version = "v3.0.0"

[[projects]]
  digest = "1:49e5b6d1248f67afdf2d234d76654ff72ce095617914359c065c36bf78dd7b3c"
  name = "github.com/libp2p/go-libp2p-loggables"
  packages = ["."]
  pruneopts = "NUT"
  revision = "2edffda90e410fab8ca3663511d33b59314d4b07"
  version = "v1.1.24"

[[projects]]
  digest = "1:e924c683b1b344db26a7cdf7f78ba524fb7f800bfc7890d416993389e297367c"
  name = "github.com/libp2p/go-libp2p-metrics"
  packages = ["."]
  pruneopts = "NUT"
  revision = "20c0e3fed14ddf84ac8192038accfd393610ed82"
  version = "v2.1.7"

[[projects]]
  digest = "1:f56a7f639d679268bf1f2964bc46b8892f8792cd814a5bcf8e123563bf105f1f"
  name = "github.com/libp2p/go-libp2p-nat"
  packages = ["."]
  pruneopts = "NUT"
  revision = "b82aac8589e138824736b2a9d466981dbce6b0d4"
  version = "v0.8.8"

[[projects]]
  digest = "1:601a675363d6cb326733e56b68e21f4e40388c6cf7815a73f9f9d0183e88c92e"
  name = "github.com/libp2p/go-libp2p-net"
  packages = ["."]
  pruneopts = "NUT"
  revision = "22c96766db92ab111e506ebcd9cc6511ed32e553"
  version = "v3.0.15"

[[projects]]
  digest = "1:d352dbb27f9f3518884563bfe7175338152d035441b8e0dc50489b6a4ae00428"
  name = "github.com/libp2p/go-libp2p-peer"
  packages = ["."]
  pruneopts = "NUT"
  revision = "dd9b45c0649b38aebe65f98cb460676b4214a42c"
  version = "v2.4.0"

[[projects]]
  digest = "1:0d8c5c8908b7cda1908f99acd361ed04fe45432a2ffe6f79cdd7263f875b647a"
  name = "github.com/libp2p/go-libp2p-peerstore"
  packages = ["."]
  pruneopts = "NUT"
  revision = "6295e61c9fd2f13ad159c6241be3b371918045e2"
  version = "v2.0.6"

[[projects]]
  digest = "1:b8ddff56e9a25cdb2afe2daf04f9314deb52a651882043026da6603199c94266"
  name = "github.com/libp2p/go-libp2p-protocol"
  packages = ["."]
  pruneopts = "NUT"
  revision = "e34f0d7468b3519bf9bf4e43c1d028ce651eab51"
  version = "v1.0.0"

[[projects]]
  digest = "1:60fc48f660c0b607677e4dc7356001cc5f33593b8374a638ad8a39ad1481ce15"
  name = "github.com/libp2p/go-libp2p-secio"
  packages = [
    ".",
    "pb",
  ]
  pruneopts = "NUT"
  revision = "8f95e95b9fedc69b1367362a14f1ad3b5bd5bd46"
  version = "v2.0.17"

[[projects]]
  digest = "1:a75d57a48e10e64860db6706e957d217b2539cf853bd5bccc514c29616994cb3"
  name = "github.com/libp2p/go-libp2p-swarm"
  packages = ["."]
  pruneopts = "NUT"
  revision = "839f88f8de4d0f8300facdcdf7aa2124d020b2b6"
  version = "v3.0.22"

[[projects]]
  digest = "1:6650eb4c04054f1b7160815430667f7f9b9eee78a9bf517bd93bd2c6c55eaf87"
  name = "github.com/libp2p/go-libp2p-transport"
  packages = ["."]
  pruneopts = "NUT"
  revision = "e6d021be15cb2bfc73fb24d3b16848bc2825bbf6"
  version = "v3.0.15"

[[projects]]
  digest = "1:4e52545e938ae9b1369133ab0ec8d19e16ed41f76196852f97baea2bfe85405d"
  name = "github.com/libp2p/go-libp2p-transport-upgrader"
  packages = ["."]
  pruneopts = "NUT"
  revision = "8dde02b5e75342c09725bc601cf28e9e98f920c7"
  version = "v0.1.16"

[[projects]]
  digest = "1:990bcec287ecc7484381356129585df572677d6201085687d3b137f838bd24a0"
  name = "github.com/libp2p/go-maddr-filter"
  packages = ["."]
  pruneopts = "NUT"
  revision = "7f7ca1e79c453741adb1cc10d8892b186952e9e1"
  version = "v1.1.10"

[[projects]]
  digest = "1:ac55e96b8a8a43cee5120a53001fe8af6b8c962a802ff85f8a8b177c4d1c0c77"
  name = "github.com/libp2p/go-mplex"
  packages = ["."]
  pruneopts = "NUT"
  revision = "1386e7e2261644453d5aecc59c364fcb25ce7a1e"
  version = "v0.2.30"

[[projects]]
  digest = "1:b3bd4d8ab41984d26c20c6aa97f207f1eb91ca6f3c6c80313b7bbf21303aac61"
  name = "github.com/libp2p/go-msgio"
  packages = ["."]
  pruneopts = "NUT"
  revision = "031a413e66129d593337a3f5948d9364e7fc6d43"
  version = "v0.0.6"

[[projects]]
  digest = "1:9f3b870bfa3dd75e087cf39aa5f4ccc7b681016042a307ba31ab7c4ac71d5c65"
  name = "github.com/libp2p/go-reuseport"
  packages = [
    ".",
    "poll",
    "singlepoll",
  ]
  pruneopts = "NUT"
  revision = "dd0c37d7767bc38280bd9813145b65f8bd560629"
  version = "v0.1.18"

[[projects]]
  digest = "1:592a6cc0401ddbec0f12605eddc1816247bfa4cbed0f96a1e08e845337f1e80b"
  name = "github.com/libp2p/go-reuseport-transport"
  packages = ["."]
  pruneopts = "NUT"
  revision = "58ea7103ffb4b5eb248c4421e60fdb30e9a56dad"
  version = "v0.1.11"

[[projects]]
  digest = "1:96eca00555fddc36f6d1dc6d5d47435005bf8a950e700afcd76508bde723bc0e"
  name = "github.com/libp2p/go-sockaddr"
  packages = ["net"]
  pruneopts = "NUT"
  revision = "5c3ac7e71ec1941a0c2ed4271535d9427feb829c"
  version = "v1.0.3"

[[projects]]
  digest = "1:20ae4f4822b0320116c6eead75bafe87716617868cbb4f06cf223e495056f8c7"
  name = "github.com/libp2p/go-stream-muxer"
  packages = ["."]
  pruneopts = "NUT"
  revision = "2ba231669cdd8d310277307dec6ced95a190c495"
  version = "v3.0.1"

[[projects]]
  digest = "1:e606f57a9d6bddec54e0046f239e8605e395b0ffe11c3babb14d8d161b8c0ffe"
  name = "github.com/libp2p/go-tcp-transport"
  packages = ["."]
  pruneopts = "NUT"
  revision = "7e41190ec0687ca01f984fc0aa2f0f2352f5295f"
  version = "v2.0.16"

[[projects]]
  digest = "1:6c600ac5c29fc9b618eb0bea5df54c56076fefdc6c2675ab9687139e43c0fab5"
  name = "github.com/libp2p/go-ws-transport"
  packages = ["."]
  pruneopts = "NUT"
  revision = "246ec4b8bd9a5a539827eca50a6e6d4ce50bb056"
  version = "v2.0.15"

[[projects]]
  digest = "1:4953945f4fdc12cb7aa0263710534fb64b35a85e4047570fdf1cb03284055f0d"
  name = "github.com/mattn/go-colorable"
  packages = ["."]
  pruneopts = "NUT"
  revision = "5411d3eea5978e6cdc258b30de592b60df6aba96"

[[projects]]
  digest = "1:f3b286c0af7136e7afa8093165abb64159742bd31f580d7b000d21e1d7e73256"
  name = "github.com/mattn/go-isatty"
  packages = ["."]
  pruneopts = "NUT"
  revision = "281032e84ae07510239465db46bf442aa44b953a"

[[projects]]
  branch = "master"
  digest = "1:98484fb2302322e215bb28a39d44d74e0091a972517aa44b8525e329be15529d"
  name = "github.com/minio/blake2b-simd"
  packages = ["."]
  pruneopts = "NUT"
  revision = "3f5f724cb5b182a5c278d6d3d55b40e7f8c2efb4"

[[projects]]
  branch = "master"
  digest = "1:bd4438946fbb2ab6166918d30722908bb834a793da463635e01320ea8010f655"
  name = "github.com/minio/sha256-simd"
  packages = ["."]
  pruneopts = "NUT"
  revision = "51976451ce1942acbb55707a983ed232fa027110"

[[projects]]
  digest = "1:b9b9f43a8a410d633e6547f89e830926741070941f2243d4d3a0bb154f565c9e"
  name = "github.com/mr-tron/base58"
  packages = ["base58"]
  pruneopts = "NUT"
  revision = "89529c6904fcd077434931b4eac8b4b2f0991baf"
  version = "v1.1.0"

[[projects]]
  digest = "1:3eea41bb55ec1d69be6675f478ec29b434eeb26bc22189fa989f3ec5a682d665"
  name = "github.com/multiformats/go-multiaddr"
  packages = ["."]
  pruneopts = "NUT"
  revision = "8dc8c4a64c84bc5f68e230f01a9c861d2aefc781"

[[projects]]
  digest = "1:ba2fd2521c120c0b902aeb537837074d4e989d66cf7cd293aba0cfc3646f7a78"
  name = "github.com/multiformats/go-multiaddr-dns"
  packages = ["."]
  pruneopts = "NUT"
  revision = "317a9bc842d426da4d878690625babb26d64e73b"
  version = "v0.2.5"

[[projects]]
  digest = "1:86512c9978e28c0fd20daa4273d526188ccc9c330b3f8c7d98eb40dce49b0896"
  name = "github.com/multiformats/go-multiaddr-net"
  packages = ["."]
  pruneopts = "NUT"
  revision = "cba4f9fea8613343eb7ecc4ddadd8e7298a00c39"
  version = "v1.6.3"

[[projects]]
  digest = "1:932e003ff86aca5297a1ee0539d09bf7bc3e8201c770631ed40efc46144abd13"
  name = "github.com/multiformats/go-multihash"
  packages = ["."]
  pruneopts = "NUT"
  revision = "a91e75d03bf4dba801af7b159c8b2aa7b5f47ea8"

[[projects]]
  digest = "1:226883468090b059229b7803122c67ded05f4e51e83ef9b3b5b12a25f4b96ee1"
  name = "github.com/multiformats/go-multistream"
  packages = ["."]
  pruneopts = "NUT"
  revision = "0e509f6b999d3be262c0702d25fe868c77de1565"
  version = "v0.3.9"

[[projects]]
  branch = "master"
  digest = "1:95dadf033e1fccc1644f78f743119ec9d2dbaea508cb827ed7057bc0da003178"
  name = "github.com/mutecomm/go-sqlcipher"
  packages = ["."]
  pruneopts = "NUT"
  revision = "f799951b4ab269c2ce24913961af2cb5d681cc43"

[[projects]]
  digest = "1:7da29c22bcc5c2ffb308324377dc00b5084650348c2799e573ed226d8cc9faf0"
  name = "github.com/opentracing/opentracing-go"
  packages = [
    ".",
    "ext",
    "log",
  ]
  pruneopts = "NUT"
  revision = "1949ddbfd147afd4d964a9f00b24eb291e0e7c38"
  version = "v1.0.2"

[[projects]]
  digest = "1:cce3a18fb0b96b5015cd8ca03a57d20a662679de03c4dc4b6ff5f17ea2050fa6"
  name = "github.com/pborman/uuid"
  packages = ["."]
  pruneopts = "NUT"
  revision = "1b00554d822231195d1babd97ff4a781231955c9"

[[projects]]
  digest = "1:0028cb19b2e4c3112225cd871870f2d9cf49b9b4276531f03438a88e94be86fe"
  name = "github.com/pmezard/go-difflib"
  packages = ["difflib"]
  pruneopts = "NUT"
  revision = "792786c7400a136282c1664665ae0a8db921c6c2"

[[projects]]
  digest = "1:4383581ddbe6222608bc0a2073c716deeb43293657e502a6b87fc37258521a51"
  name = "github.com/prometheus/prometheus"
  packages = ["util/flock"]
  pruneopts = "NUT"
  revision = "3101606756c53221ed58ba94ecba6b26adf89dcc"

[[projects]]
  digest = "1:b0e0e2abf5c70fd0f7f6c053c6c99c6960149146e40d5c7547cacc176e5d9973"
  name = "github.com/rjeczalik/notify"
  packages = ["."]
  pruneopts = "NUT"
  revision = "69d839f37b13a8cb7a78366f7633a4071cb43be7"
  version = "v0.9.2"

[[projects]]
  digest = "1:c5741d3d03a06220bcca801547f28de803103249b739eb5537e54b77e89f435a"
  name = "github.com/rs/cors"
  packages = ["."]
  pruneopts = "NUT"
  revision = "a62a804a8a009876ca59105f7899938a1349f4b3"

[[projects]]
  digest = "1:d5f17bd5ea84ec69c328b2e756b94cc1d831e3e901b3fd988dd737177edbd844"
  name = "github.com/rs/xhandler"
  packages = ["."]
  pruneopts = "NUT"
  revision = "ed27b6fd65218132ee50cd95f38474a3d8a2cd12"

[[projects]]
  digest = "1:96ea40e8fab1400b769ff9669dd7f7de613c3a1943dd7f451c4ccbb05115bcaa"
  name = "github.com/spaolacci/murmur3"
  packages = ["."]
  pruneopts = "NUT"
  revision = "9f5d223c60793748f04a9d5b4b4eacddfc1f755d"
  version = "v1.1"

[[projects]]
  digest = "1:41fb72d7a71f37f1f9c766d965178636ecda21b429b1f2e3fff42cfc31279751"
  name = "github.com/status-im/doubleratchet"
  packages = ["."]
  pruneopts = "NUT"
  revision = "4dcb6cba284ae9f97129e2a98b9277f629d9dbc4"

[[projects]]
  digest = "1:5d3c51d0f96ff0b228582e5e36295a33da8e16d106cd9dc31538096bd35dce1e"
  name = "github.com/status-im/go-multiaddr-ethv4"
  packages = ["."]
  pruneopts = "NUT"
  revision = "17cb1ad76379d65e802eacc786d8f67eebd7cd6d"

[[projects]]
  branch = "master"
  digest = "1:7607ae0e3b67bdf37a65dc42f866a90bcbe543308e92184c51e33a4cca842ecb"
  name = "github.com/status-im/migrate"
  packages = [
    ".",
    "database/sqlcipher",
    "source/go_bindata",
  ]
  pruneopts = "NUT"
  revision = "57d2e2abe46f80680b96640a8ce62d8187bee7e8"

[[projects]]
  digest = "1:042d55716d3bc4a4473cf83d70a68e80bf5164ae0ce46eb2cd9ef30fc333d3d8"
  name = "github.com/status-im/rendezvous"
  packages = [
    ".",
    "protocol",
    "server",
  ]
  pruneopts = "NUT"
  revision = "58dfa5b68d9bee4d4b7f84b3beea2ece5cb2b40a"
  version = "v1.0.0"

[[projects]]
  digest = "1:9552f5ea7e82e95910e182bd41b6c71933b50717990a61ac517bfa1cc6f653dc"
  name = "github.com/status-im/whisper"
  packages = ["whisperv6"]
  pruneopts = "NUT"
  revision = "14e1bbfd9ba956e7fc7649e815aa19e4386b26da"
  version = "v1.2.0"

[[projects]]
  digest = "1:572c783a763db6383aca3179976eb80e4c900f52eba56cba8bb2e3cea7ce720e"
  name = "github.com/stretchr/testify"
  packages = [
    "assert",
    "require",
    "suite",
  ]
  pruneopts = "NUT"
  revision = "890a5c3458b43e6104ff5da8dfa139d013d77544"

[[projects]]
  digest = "1:b18d044774f6ba5930c3fbf9958b2a9256c21f31dc50ecfa0622fe2a46608974"
  name = "github.com/syndtr/goleveldb"
  packages = [
    "leveldb",
    "leveldb/cache",
    "leveldb/comparer",
    "leveldb/errors",
    "leveldb/filter",
    "leveldb/iterator",
    "leveldb/journal",
    "leveldb/memdb",
    "leveldb/opt",
    "leveldb/storage",
    "leveldb/table",
    "leveldb/util",
  ]
  pruneopts = "NUT"
  revision = "5d6fca44a948d2be89a9702de7717f0168403d3d"

[[projects]]
  branch = "master"
  digest = "1:9237bfe664b67a1bc5787df18e48516b77442cb988912259b811865d654baafc"
  name = "github.com/whyrusleeping/go-logging"
  packages = ["."]
  pruneopts = "NUT"
  revision = "0457bb6b88fc1973573aaf6b5145d8d3ae972390"

[[projects]]
  branch = "master"
  digest = "1:00ceb1bc58ee33818960b132008495b996aa093d49a734798fea4aa424c6b787"
  name = "github.com/whyrusleeping/go-notifier"
  packages = ["."]
  pruneopts = "NUT"
  revision = "097c5d47330ff6a823f67e3515faa13566a62c6f"

[[projects]]
  digest = "1:8959f1ccb7b5295412d93a481bde2a6d0cd2a55a53e4431c96cc6e521ea991e2"
  name = "github.com/whyrusleeping/go-smux-multiplex"
  packages = ["."]
  pruneopts = "NUT"
  revision = "2b855d4f3a3051b0133f7783bffe06e4b7833d1e"
  version = "v3.0.16"

[[projects]]
  digest = "1:034974ede3f03ded434d94543c753c7410b44f8232e0e7c4356c3d81d03d0feb"
  name = "github.com/whyrusleeping/go-smux-multistream"
  packages = ["."]
  pruneopts = "NUT"
  revision = "e799b10bc6eea2cc5ce18f7b7b4d8e1a0439476d"
  version = "v2.0.2"

[[projects]]
  digest = "1:47b5b73d79014a8f6660cf9e2eb9a9abb4e94ffe42276da323918873004a25bb"
  name = "github.com/whyrusleeping/go-smux-yamux"
  packages = ["."]
  pruneopts = "NUT"
  revision = "49458276a01f7fbc32ff62c8955fa3e852b8e772"
  version = "v2.0.8"

[[projects]]
  digest = "1:f007f0475a929f645ed0c0ec392bad39f74931c79b2d905c994b3f4b8f0ccd86"
  name = "github.com/whyrusleeping/mafmt"
  packages = ["."]
  pruneopts = "NUT"
  revision = "7aa7fad2ede4e7157818e3e7af5061f866a9ae23"
  version = "v1.2.8"

[[projects]]
  branch = "master"
  digest = "1:7b014e573e2f4e3cf7bca9fa6e58629b957e5ea86d2a811126b60c6949ac7280"
  name = "github.com/whyrusleeping/multiaddr-filter"
  packages = ["."]
  pruneopts = "NUT"
  revision = "e903e4adabd70b78bc9293b6ee4f359afb3f9f59"

[[projects]]
  digest = "1:e5d9a217f5962ab12c57a5a33e75dbde81ccf7990d4f1115a71351a902a29fce"
  name = "github.com/whyrusleeping/yamux"
  packages = ["."]
  pruneopts = "NUT"
  revision = "98c0f1efe02b69cd8d8d45452d83663fa25c81e0"
  version = "v1.1.2"

[[projects]]
  branch = "master"
  digest = "1:117f8e4c5c97f47118873febdb4bba059d5a1a71427b2bb1cfb059794cd57094"
  name = "golang.org/x/crypto"
  packages = [
    "blake2s",
    "blowfish",
    "curve25519",
    "hkdf",
    "pbkdf2",
    "ripemd160",
    "scrypt",
    "sha3",
    "ssh/terminal",
  ]
  pruneopts = "NUT"
  revision = "e4dc69e5b2fd71dcaf8bd5d054eb936deb78d1fa"

[[projects]]
  branch = "master"
  digest = "1:1a33717790d35e7183dd45bbc48836251f2b550b90693c5c75ce767cc87b55f4"
  name = "golang.org/x/net"
  packages = [
    "bpf",
    "context",
    "html",
    "html/atom",
    "html/charset",
    "internal/iana",
    "internal/socket",
    "ipv4",
    "websocket",
  ]
  pruneopts = "NUT"
  revision = "a544f70c90f196e50d198126db0c4cb2b562fec0"

[[projects]]
  branch = "master"
  digest = "1:9f303486d623f840492bfeb48eb906a94e9d3fe638a761639b72ce64bf7bfcc3"
  name = "golang.org/x/sync"
  packages = ["syncmap"]
  pruneopts = "NUT"
  revision = "1d60e4601c6fd243af51cc01ddf169918a5407ca"

[[projects]]
  branch = "master"
  digest = "1:ccd1f5c16850bff1f108fb38a37faf8c5308af5f14466ba05d11a2f580cff7dc"
  name = "golang.org/x/sys"
  packages = [
    "cpu",
    "unix",
    "windows",
  ]
  pruneopts = "NUT"
  revision = "3a76605856fddce5718553cbb8bd50ca492a7274"

[[projects]]
  digest = "1:90acd68908852e1e1e68bfaed10bdf357252b041e619f6be6f159f6a015d1404"
  name = "golang.org/x/text"
  packages = [
    "encoding",
    "encoding/charmap",
    "encoding/htmlindex",
    "encoding/internal",
    "encoding/internal/identifier",
    "encoding/japanese",
    "encoding/korean",
    "encoding/simplifiedchinese",
    "encoding/traditionalchinese",
    "encoding/unicode",
    "internal/gen",
    "internal/tag",
    "internal/triegen",
    "internal/ucd",
    "internal/utf8internal",
    "language",
    "runes",
    "transform",
    "unicode/cldr",
    "unicode/norm",
  ]
  pruneopts = "NUT"
  revision = "f21a4dfb5e38f5895301dc265a8def02365cc3d0"
  version = "v0.3.0"

[[projects]]
  branch = "master"
  digest = "1:33153c3338a57d72bc48b527e91cf82d8aeecd92bb27daba82cf24f52305b73c"
  name = "golang.org/x/tools"
  packages = [
    "go/ast/astutil",
    "imports",
    "internal/fastwalk",
    "internal/gopathwalk",
  ]
  pruneopts = "NUT"
  revision = "e21233ffa6c386fc230b4328493f77af54ff9372"

[[projects]]
  digest = "1:ef9fb6a2c8b42d4d22b997886ba73d889b9dd2be2fc49524f0d218ace7c805e1"
  name = "gopkg.in/go-playground/validator.v9"
  packages = ["."]
  pruneopts = "NUT"
  revision = "1fa3c8d6336562f0a3f95c73593ee2b57ff4da11"
  version = "v9.23.0"

[[projects]]
  branch = "v2"
  digest = "1:85815bf6f46dc1855ae4e236b496bfa463f04fce83f700d74357ef220476abb7"
  name = "gopkg.in/natefinch/npipe.v2"
  packages = ["."]
  pruneopts = "NUT"
  revision = "c1b8fa8bdccecb0b8db834ee0b92fdbcfa606dd6"

[[projects]]
  branch = "v3"
  digest = "1:6e07612eddba677faf18ac56e8a98fdeceeabf3dd470a61fd3618fe8fda20297"
  name = "gopkg.in/olebedev/go-duktape.v3"
  packages = ["."]
  pruneopts = "NUT"
  revision = "d53328019b21fe1987c97f368f98c072c8f44455"

[[projects]]
  digest = "1:5dba68a1600a235630e208cb7196b24e58fcbb77bb7a6bec08fcd23f081b0a58"
  name = "gopkg.in/urfave/cli.v1"
  packages = ["."]
  pruneopts = "NUT"
  revision = "cfb38830724cc34fedffe9a2a29fb54fa9169cd1"
  version = "v1.20.0"

[solve-meta]
  analyzer-name = "dep"
  analyzer-version = 1
  input-imports = [
    "github.com/NaySoftware/go-fcm",
    "github.com/beevik/ntp",
    "github.com/btcsuite/btcd/btcec",
    "github.com/btcsuite/btcd/chaincfg",
    "github.com/btcsuite/btcd/chaincfg/chainhash",
    "github.com/btcsuite/btcutil",
    "github.com/btcsuite/btcutil/base58",
    "github.com/ethereum/go-ethereum",
    "github.com/ethereum/go-ethereum/accounts",
    "github.com/ethereum/go-ethereum/accounts/abi",
    "github.com/ethereum/go-ethereum/accounts/abi/bind",
    "github.com/ethereum/go-ethereum/accounts/abi/bind/backends",
    "github.com/ethereum/go-ethereum/accounts/keystore",
    "github.com/ethereum/go-ethereum/common",
    "github.com/ethereum/go-ethereum/common/hexutil",
    "github.com/ethereum/go-ethereum/common/mclock",
    "github.com/ethereum/go-ethereum/contracts/ens/contract",
    "github.com/ethereum/go-ethereum/core",
    "github.com/ethereum/go-ethereum/core/types",
    "github.com/ethereum/go-ethereum/crypto",
    "github.com/ethereum/go-ethereum/crypto/ecies",
    "github.com/ethereum/go-ethereum/crypto/sha3",
    "github.com/ethereum/go-ethereum/eth",
    "github.com/ethereum/go-ethereum/eth/downloader",
    "github.com/ethereum/go-ethereum/eth/filters",
    "github.com/ethereum/go-ethereum/ethapi",
    "github.com/ethereum/go-ethereum/ethclient",
    "github.com/ethereum/go-ethereum/event",
    "github.com/ethereum/go-ethereum/les",
    "github.com/ethereum/go-ethereum/log",
    "github.com/ethereum/go-ethereum/metrics",
    "github.com/ethereum/go-ethereum/node",
    "github.com/ethereum/go-ethereum/p2p",
    "github.com/ethereum/go-ethereum/p2p/discover",
    "github.com/ethereum/go-ethereum/p2p/discv5",
    "github.com/ethereum/go-ethereum/p2p/enr",
    "github.com/ethereum/go-ethereum/p2p/nat",
    "github.com/ethereum/go-ethereum/params",
    "github.com/ethereum/go-ethereum/rlp",
    "github.com/ethereum/go-ethereum/rpc",
    "github.com/golang/mock/gomock",
    "github.com/golang/protobuf/proto",
    "github.com/libp2p/go-libp2p-crypto",
    "github.com/multiformats/go-multiaddr",
    "github.com/mutecomm/go-sqlcipher",
    "github.com/pborman/uuid",
    "github.com/status-im/doubleratchet",
    "github.com/status-im/migrate",
    "github.com/status-im/migrate/database/sqlcipher",
    "github.com/status-im/migrate/source/go_bindata",
    "github.com/status-im/rendezvous",
    "github.com/status-im/rendezvous/server",
    "github.com/status-im/whisper/whisperv6",
    "github.com/stretchr/testify/assert",
    "github.com/stretchr/testify/require",
    "github.com/stretchr/testify/suite",
    "github.com/syndtr/goleveldb/leveldb",
    "github.com/syndtr/goleveldb/leveldb/errors",
    "github.com/syndtr/goleveldb/leveldb/iterator",
    "github.com/syndtr/goleveldb/leveldb/opt",
    "github.com/syndtr/goleveldb/leveldb/storage",
    "github.com/syndtr/goleveldb/leveldb/util",
    "golang.org/x/crypto/hkdf",
    "golang.org/x/crypto/pbkdf2",
    "golang.org/x/crypto/ssh/terminal",
    "golang.org/x/text/unicode/norm",
    "gopkg.in/go-playground/validator.v9",
  ]
  solver-name = "gps-cdcl"
  solver-version = 1
