{
  "version": 2,
  "packages": {
    "unittest2": {
      "version": "0.2.5",
      "vcsRevision": "26f2ef3ae0ec72a2a75bfe557e02e88f6a31c189",
      "url": "https://github.com/status-im/nim-unittest2",
      "downloadMethod": "git",
      "dependencies": [
        "nim"
      ],
      "checksums": {
        "sha1": "02bb3751ba9ddc3c17bfd89f2e41cb6bfb8fc0c9"
      }
    },
    "bearssl": {
      "version": "0.2.13",
      "vcsRevision": "b6c9a38964a574f6bc51f69efaf8fb2fedea905e",
      "url": "https://github.com/status-im/nim-bearssl",
      "downloadMethod": "git",
      "dependencies": [
        "nim",
        "unittest2"
      ],
      "checksums": {
        "sha1": "e3a004381e8c2ec0d37bebc2e48b42c34353e9cf"
      }
    },
    "bearssl_pkey_decoder": {
      "version": "#d34aa46bf9d0a3ffff810fbd3c4d2fa024eb9368",
      "vcsRevision": "d34aa46bf9d0a3ffff810fbd3c4d2fa024eb9368",
      "url": "https://github.com/vacp2p/bearssl_pkey_decoder",
      "downloadMethod": "git",
      "dependencies": [
        "nim",
        "bearssl"
      ],
      "checksums": {
        "sha1": "8666edbcb77cb9f97c659114d57c4ba0e7ab74c3"
      }
    },
    "jwt": {
      "version": "#057ec95eb5af0eea9c49bfe9025b3312c95dc5f2",
      "vcsRevision": "057ec95eb5af0eea9c49bfe9025b3312c95dc5f2",
      "url": "https://github.com/vacp2p/nim-jwt.git",
      "downloadMethod": "git",
      "dependencies": [
        "nim",
        "bearssl",
        "bearssl_pkey_decoder"
      ],
      "checksums": {
        "sha1": "3cd368666fd2bc7f99f253452289e827abcac13c"
      }
    },
    "intops": {
      "version": "1.0.8",
      "vcsRevision": "ade5d78d60124d1fd50d2109c5eb9416ed147231",
      "url": "https://github.com/vacp2p/nim-intops",
      "downloadMethod": "git",
      "dependencies": [
        "nim",
        "unittest2"
      ],
      "checksums": {
        "sha1": "e9371f3fa2356d57fd3a5e516ad68e1e611b7b12"
      }
    },
    "npeg": {
      "version": "1.3.0",
      "vcsRevision": "409f6796d0e880b3f0222c964d1da7de6e450811",
      "url": "https://github.com/zevv/npeg",
      "downloadMethod": "git",
      "dependencies": [
        "nim"
      ],
      "checksums": {
        "sha1": "64f15c85a059c889cb11c5fe72372677c50da621"
      }
    },
    "results": {
      "version": "0.5.1",
      "vcsRevision": "df8113dda4c2d74d460a8fa98252b0b771bf1f27",
      "url": "https://github.com/arnetheduck/nim-results",
      "downloadMethod": "git",
      "dependencies": [
        "nim"
      ],
      "checksums": {
        "sha1": "a9c011f74bc9ed5c91103917b9f382b12e82a9e7"
      }
    },
    "stew": {
      "version": "0.5.2",
      "vcsRevision": "c75502ceedb5ed2a37b7b5e4744fc71313682859",
      "url": "https://github.com/status-im/nim-stew",
      "downloadMethod": "git",
      "dependencies": [
        "nim",
        "results",
        "unittest2"
      ],
      "checksums": {
        "sha1": "02c533a9a3cae4ef9e3969ca0d85374b254f021a"
      }
    },
    "testutils": {
      "version": "0.8.3",
      "vcsRevision": "3feb84e206660d5289caefbe7b0f66f97d9ec084",
      "url": "https://github.com/status-im/nim-testutils",
      "downloadMethod": "git",
      "dependencies": [
        "nim",
        "stew",
        "unittest2"
      ],
      "checksums": {
        "sha1": "2aeb2136828691761eb16c73a050938f53477458"
      }
    },
    "zlib": {
      "version": "0.2.0",
      "vcsRevision": "190246aa0bb6569781370964fa2faa474203d6dd",
      "url": "https://github.com/status-im/nim-zlib",
      "downloadMethod": "git",
      "dependencies": [
        "nim",
        "stew",
        "results"
      ],
      "checksums": {
        "sha1": "a8c0c569d82315f3ffc1249ab42b0404e84fddc3"
      }
    },
    "httputils": {
      "version": "0.5.1",
      "vcsRevision": "7d771ca337bd3bf563f6834569d2a06085ac21f1",
      "url": "https://github.com/status-im/nim-http-utils",
      "downloadMethod": "git",
      "dependencies": [
        "nim",
        "results",
        "stew",
        "unittest2"
      ],
      "checksums": {
        "sha1": "40d99784345633f5c29df4db9a12cca8a9e6d564"
      }
    },
    "chronos": {
      "version": "4.4.1",
      "vcsRevision": "40f8087c815403d64e3dd4044411022cc4bedd5b",
      "url": "https://github.com/status-im/nim-chronos",
      "downloadMethod": "git",
      "dependencies": [
        "nim",
        "bearssl",
        "httputils",
        "results",
        "stew",
        "unittest2"
      ],
      "checksums": {
        "sha1": "38d45a837f3a9d51e5851615322bf48c90f7ac69"
      }
    },
    "metrics": {
      "version": "0.2.3",
      "vcsRevision": "b56bfb8656bd135f0be17d4da95680e86f71e8b4",
      "url": "https://github.com/status-im/nim-metrics",
      "downloadMethod": "git",
      "dependencies": [
        "nim",
        "chronos",
        "results",
        "stew"
      ],
      "checksums": {
        "sha1": "f6dc5f12e37410e58a0649515520aee0a73ab0b2"
      }
    },
    "faststreams": {
      "version": "0.5.2",
      "vcsRevision": "059bc2f52546ac14b583639c33372c14b1d46fa3",
      "url": "https://github.com/status-im/nim-faststreams",
      "downloadMethod": "git",
      "dependencies": [
        "nim",
        "stew",
        "unittest2"
      ],
      "checksums": {
        "sha1": "589a9cf07e1d978f460f3da7f8de9b37ac3141af"
      }
    },
    "serialization": {
      "version": "0.5.4",
      "vcsRevision": "b5473564e80a4908cf6c5a038e4c4a6ca7de2223",
      "url": "https://github.com/status-im/nim-serialization",
      "downloadMethod": "git",
      "dependencies": [
        "nim",
        "faststreams",
        "stew",
        "unittest2"
      ],
      "checksums": {
        "sha1": "6a75be38ab6c8a5d49108a54b494ff70d68ea011"
      }
    },
    "protobuf_serialization": {
      "version": "0.6.2",
      "vcsRevision": "a671c6d497c7028ed7390b2d5a80c7b62138c586",
      "url": "https://github.com/status-im/nim-protobuf-serialization",
      "downloadMethod": "git",
      "dependencies": [
        "nim",
        "faststreams",
        "npeg",
        "serialization",
        "stew",
        "unittest2"
      ],
      "checksums": {
        "sha1": "6b4e372946039599559ed1efe14c53bc47c32d02"
      }
    },
    "json_serialization": {
      "version": "0.4.5",
      "vcsRevision": "73c37b46591cf3d6a19d39ff0ed14b2e77433778",
      "url": "https://github.com/status-im/nim-json-serialization",
      "downloadMethod": "git",
      "dependencies": [
        "nim",
        "faststreams",
        "results",
        "serialization",
        "stew"
      ],
      "checksums": {
        "sha1": "d0c27756fdbdf3a83739ba6c0575234755ad8afc"
      }
    },
    "chronicles": {
      "version": "0.12.4",
      "vcsRevision": "45c823b8af409f82fa35fd5e1f6a7c9a06fe3137",
      "url": "https://github.com/status-im/nim-chronicles",
      "downloadMethod": "git",
      "dependencies": [
        "nim",
        "faststreams",
        "serialization",
        "json_serialization",
        "testutils"
      ],
      "checksums": {
        "sha1": "fcc95d4ff52d5e4288a6549331c25a299d56f5c0"
      }
    },
    "stint": {
      "version": "0.9.0",
      "vcsRevision": "273fcdfa8dce4ceb975b383ffafe5e79e82766e2",
      "url": "https://github.com/status-im/nim-stint",
      "downloadMethod": "git",
      "dependencies": [
        "nim",
        "stew",
        "intops",
        "unittest2"
      ],
      "checksums": {
        "sha1": "9b292b0d627e6f6132a01e00f14e0f0527c6704a"
      }
    },
    "dnsclient": {
      "version": "0.3.4",
      "vcsRevision": "23214235d4784d24aceed99bbfe153379ea557c8",
      "url": "https://github.com/ba0f3/dnsclient.nim",
      "downloadMethod": "git",
      "dependencies": [
        "nim"
      ],
      "checksums": {
        "sha1": "65262c7e533ff49d6aca5539da4bc6c6ce132f40"
      }
    },
    "nimcrypto": {
      "version": "0.7.3",
      "vcsRevision": "423ea4fed8de6f4544b7e3b30d868f527ed3b947",
      "url": "https://github.com/cheatfate/nimcrypto.git",
      "downloadMethod": "git",
      "dependencies": [
        "nim"
      ],
      "checksums": {
        "sha1": "580910605aca0ea60b40bfaa116d0b8af1091314"
      }
    },
    "websock": {
      "version": "0.4.2",
      "vcsRevision": "3f7ec0e0241f0abe6b4d6a124c6a2b6755c4b9da",
      "url": "https://github.com/status-im/nim-websock",
      "downloadMethod": "git",
      "dependencies": [
        "nim",
        "bearssl",
        "chronicles",
        "chronos",
        "httputils",
        "nimcrypto",
        "results",
        "stew",
        "zlib"
      ],
      "checksums": {
        "sha1": "825a0cf9b225cd7135b06b7778280f2121164181"
      }
    },
    "secp256k1": {
      "version": "0.6.0.3.2",
      "vcsRevision": "d8f1288b7c72f00be5fc2c5ea72bf5cae1eafb15",
      "url": "https://github.com/status-im/nim-secp256k1.git",
      "downloadMethod": "git",
      "dependencies": [
        "nim",
        "nimcrypto",
        "results",
        "stew"
      ],
      "checksums": {
        "sha1": "6618ef9de17121846a8c1d0317026b0ce8584e10"
      }
    },
    "boringssl": {
      "version": "#v0.0.4",
      "vcsRevision": "1c91a4a2579123597df43bbdea70cc575957bdea",
      "url": "https://github.com/vacp2p/nim-boringssl",
      "downloadMethod": "git",
      "dependencies": [
        "nim"
      ],
      "checksums": {
        "sha1": "3655faa30099538293cb7d60e726783dff9d979a"
      }
    },
    "lsquic": {
      "version": "0.8.1",
      "vcsRevision": "fb293834a3f90368e1f6c57aec2360cf8d840c5a",
      "url": "https://github.com/vacp2p/nim-lsquic",
      "downloadMethod": "git",
      "dependencies": [
        "nim",
        "zlib",
        "stew",
        "chronos",
        "nimcrypto",
        "unittest2",
        "chronicles",
        "boringssl"
      ],
      "checksums": {
        "sha1": "6ca2849ff7c7a0d5271dc57ce869c72ba3111a2f"
      }
    },
    "libp2p": {
      "version": "2.0.0",
      "vcsRevision": "c43199378f46d0aaf61be1cad1ee1d63e8f665d6",
      "url": "https://github.com/vacp2p/nim-libp2p",
      "downloadMethod": "git",
      "dependencies": [
        "nim",
        "nimcrypto",
        "dnsclient",
        "bearssl",
        "boringssl",
        "chronicles",
        "chronos",
        "metrics",
        "secp256k1",
        "stew",
        "unittest2",
        "results",
        "serialization",
        "lsquic",
        "protobuf_serialization",
        "websock",
        "jwt"
      ],
      "checksums": {
        "sha1": "327dc7a0cb7e9d0be3d6083841bd496c4cbc48dc"
      }
    },
    "taskpools": {
      "version": "0.1.0",
      "vcsRevision": "4acdc6ef005a93dba09f902ed75197548cf7b451",
      "url": "https://github.com/status-im/nim-taskpools.git",
      "downloadMethod": "git",
      "dependencies": [
        "nim"
      ],
      "checksums": {
        "sha1": "1e61be291271bcf1f70f1312824860b7b34a4754"
      }
    },
    "sds": {
      "version": "#da16e36c2aeb0c53d94833b9daf6850972101982",
      "vcsRevision": "da16e36c2aeb0c53d94833b9daf6850972101982",
      "url": "https://github.com/alexjba/nim-sds.git",
      "downloadMethod": "git",
      "dependencies": [
        "nim",
        "chronicles",
        "chronos",
        "stew",
        "stint",
        "metrics",
        "results",
        "taskpools",
        "libp2p"
      ],
      "checksums": {
        "sha1": "33ef350e388f017a0943b6d1e072f71cf2ab7a09"
      }
    }
  },
  "tasks": {}
}
